
Microsoft Visual Studio Solution File, Format Version 12.00
# Visual Studio Version 16
VisualStudioVersion = 16.0.33214.272
MinimumVisualStudioVersion = 10.0.40219.1
Project("{FAE04EC0-301F-11D3-BF4B-00C04F79EFBC}") = "TrackerLibrary", "TrackerLibrary\TrackerLibrary.csproj", "{93476C55-ED1D-4B3D-97FD-25DF519820DF}"
EndProject
Project("{FAE04EC0-301F-11D3-BF4B-00C04F79EFBC}") = "TrackerUI", "TrackerUI\TrackerUI.csproj", "{F7C6A806-F471-4CB6-9D86-BF5405F9B8F7}"
EndProject
Global
	GlobalSection(SolutionConfigurationPlatforms) = preSolution
		Debug|Any CPU = Debug|Any CPU
		Release|Any CPU = Release|Any CPU
	EndGlobalSection
	GlobalSection(ProjectConfigurationPlatforms) = postSolution
		{93476C55-ED1D-4B3D-97FD-25DF519820DF}.Debug|Any CPU.ActiveCfg = Debug|Any CPU
		{93476C55-ED1D-4B3D-97FD-25DF519820DF}.Debug|Any CPU.Build.0 = Debug|Any CPU
		{93476C55-ED1D-4B3D-97FD-25DF519820DF}.Release|Any CPU.ActiveCfg = Release|Any CPU
		{93476C55-ED1D-4B3D-97FD-25DF519820DF}.Release|Any CPU.Build.0 = Release|Any CPU
		{F7C6A806-F471-4CB6-9D86-BF5405F9B8F7}.Debug|Any CPU.ActiveCfg = Debug|Any CPU
		{F7C6A806-F471-4CB6-9D86-BF5405F9B8F7}.Debug|Any CPU.Build.0 = Debug|Any CPU
		{F7C6A806-F471-4CB6-9D86-BF5405F9B8F7}.Release|Any CPU.ActiveCfg = Release|Any CPU
		{F7C6A806-F471-4CB6-9D86-BF5405F9B8F7}.Release|Any CPU.Build.0 = Release|Any CPU
	EndGlobalSection
	GlobalSection(SolutionProperties) = preSolution
		HideSolutionNode = FALSE
	EndGlobalSection
	GlobalSection(ExtensibilityGlobals) = postSolution
		SolutionGuid = {14BA170F-F74E-4E28-9EAD-1FAD580D7D9F}
	EndGlobalSection
EndGlobal
